
Microsoft Visual Studio Solution File, Format Version 12.00
# Visual Studio Version 17
VisualStudioVersion = 17.4.33122.133
MinimumVisualStudioVersion = 10.0.40219.1
Project("{FAE04EC0-301F-11D3-BF4B-00C04F79EFBC}") = "ProfessionalLesson9", "ProfessionalLesson9\ProfessionalLesson9.csproj", "{6B0EC896-AA70-45FB-9E60-7EE28776B35F}"
EndProject
Project("{FAE04EC0-301F-11D3-BF4B-00C04F79EFBC}") = "ProfessionalEx4", "ProfessionalEx4\ProfessionalEx4.csproj", "{CE06C8B6-E360-4BFD-97CD-437011BD5932}"
EndProject
Global
	GlobalSection(SolutionConfigurationPlatforms) = preSolution
		Debug|Any CPU = Debug|Any CPU
		Release|Any CPU = Release|Any CPU
	EndGlobalSection
	GlobalSection(ProjectConfigurationPlatforms) = postSolution
		{6B0EC896-AA70-45FB-9E60-7EE28776B35F}.Debug|Any CPU.ActiveCfg = Debug|Any CPU
		{6B0EC896-AA70-45FB-9E60-7EE28776B35F}.Debug|Any CPU.Build.0 = Debug|Any CPU
		{6B0EC896-AA70-45FB-9E60-7EE28776B35F}.Release|Any CPU.ActiveCfg = Release|Any CPU
		{6B0EC896-AA70-45FB-9E60-7EE28776B35F}.Release|Any CPU.Build.0 = Release|Any CPU
		{CE06C8B6-E360-4BFD-97CD-437011BD5932}.Debug|Any CPU.ActiveCfg = Debug|Any CPU
		{CE06C8B6-E360-4BFD-97CD-437011BD5932}.Debug|Any CPU.Build.0 = Debug|Any CPU
		{CE06C8B6-E360-4BFD-97CD-437011BD5932}.Release|Any CPU.ActiveCfg = Release|Any CPU
		{CE06C8B6-E360-4BFD-97CD-437011BD5932}.Release|Any CPU.Build.0 = Release|Any CPU
	EndGlobalSection
	GlobalSection(SolutionProperties) = preSolution
		HideSolutionNode = FALSE
	EndGlobalSection
	GlobalSection(ExtensibilityGlobals) = postSolution
		SolutionGuid = {780A8567-8719-44DA-9006-A755DB4C419C}
	EndGlobalSection
EndGlobal
